
Microsoft Visual Studio Solution File, Format Version 12.00
# Visual Studio Version 17
VisualStudioVersion = 17.4.33122.133
MinimumVisualStudioVersion = 10.0.40219.1
Project("{9A19103F-16F7-4668-BE54-9A1E7A4F7556}") = "WebApplication9", "WebApplication9.csproj", "{496FAA3B-4A3D-445A-8C70-A4C1A2D22D7B}"
EndProject
Project("{2150E333-8FDC-42A3-9474-1A3956D46DE8}") = "ReadMe", "ReadMe", "{BBC7EE85-5C25-4AC8-8868-46F97D01AB16}"
	ProjectSection(SolutionItems) = preProject
		DBScaffold.txt = DBScaffold.txt
		PostmanURLEg.txt = PostmanURLEg.txt
	EndProjectSection
EndProject
Project("{9A19103F-16F7-4668-BE54-9A1E7A4F7556}") = "Entities", "..\RentalEntities\Entities.csproj", "{F5E4794A-6C20-4DDB-991E-7972D5820477}"
EndProject
Project("{9A19103F-16F7-4668-BE54-9A1E7A4F7556}") = "API_Rentals", "..\APIRentals\API_Rentals.csproj", "{5F59C497-4AA0-4C44-9B31-0C490763A255}"
EndProject
Global
	GlobalSection(SolutionConfigurationPlatforms) = preSolution
		Debug|Any CPU = Debug|Any CPU
		Release|Any CPU = Release|Any CPU
	EndGlobalSection
	GlobalSection(ProjectConfigurationPlatforms) = postSolution
		{496FAA3B-4A3D-445A-8C70-A4C1A2D22D7B}.Debug|Any CPU.ActiveCfg = Debug|Any CPU
		{496FAA3B-4A3D-445A-8C70-A4C1A2D22D7B}.Debug|Any CPU.Build.0 = Debug|Any CPU
		{496FAA3B-4A3D-445A-8C70-A4C1A2D22D7B}.Release|Any CPU.ActiveCfg = Release|Any CPU
		{496FAA3B-4A3D-445A-8C70-A4C1A2D22D7B}.Release|Any CPU.Build.0 = Release|Any CPU
		{F5E4794A-6C20-4DDB-991E-7972D5820477}.Debug|Any CPU.ActiveCfg = Debug|Any CPU
		{F5E4794A-6C20-4DDB-991E-7972D5820477}.Debug|Any CPU.Build.0 = Debug|Any CPU
		{F5E4794A-6C20-4DDB-991E-7972D5820477}.Release|Any CPU.ActiveCfg = Release|Any CPU
		{F5E4794A-6C20-4DDB-991E-7972D5820477}.Release|Any CPU.Build.0 = Release|Any CPU
		{5F59C497-4AA0-4C44-9B31-0C490763A255}.Debug|Any CPU.ActiveCfg = Debug|Any CPU
		{5F59C497-4AA0-4C44-9B31-0C490763A255}.Debug|Any CPU.Build.0 = Debug|Any CPU
		{5F59C497-4AA0-4C44-9B31-0C490763A255}.Release|Any CPU.ActiveCfg = Release|Any CPU
		{5F59C497-4AA0-4C44-9B31-0C490763A255}.Release|Any CPU.Build.0 = Release|Any CPU
	EndGlobalSection
	GlobalSection(SolutionProperties) = preSolution
		HideSolutionNode = FALSE
	EndGlobalSection
	GlobalSection(ExtensibilityGlobals) = postSolution
		SolutionGuid = {2F7D16FD-16EA-4B65-8E7A-416CB62FB9AE}
	EndGlobalSection
EndGlobal
