
Microsoft Visual Studio Solution File, Format Version 12.00
# Visual Studio Version 17
VisualStudioVersion = 17.4.33122.133
MinimumVisualStudioVersion = 10.0.40219.1
Project("{9A19103F-16F7-4668-BE54-9A1E7A4F7556}") = "WebApplication9", "WebApplication9.csproj", "{496FAA3B-4A3D-445A-8C70-A4C1A2D22D7B}"
EndProject
Project("{9A19103F-16F7-4668-BE54-9A1E7A4F7556}") = "Entities", "..\Entities\Entities.csproj", "{771A2CE1-EF1D-423A-A9E8-CCD120AEC655}"
EndProject
Global
	GlobalSection(SolutionConfigurationPlatforms) = preSolution
		Debug|Any CPU = Debug|Any CPU
		Release|Any CPU = Release|Any CPU
	EndGlobalSection
	GlobalSection(ProjectConfigurationPlatforms) = postSolution
		{496FAA3B-4A3D-445A-8C70-A4C1A2D22D7B}.Debug|Any CPU.ActiveCfg = Debug|Any CPU
		{496FAA3B-4A3D-445A-8C70-A4C1A2D22D7B}.Debug|Any CPU.Build.0 = Debug|Any CPU
		{496FAA3B-4A3D-445A-8C70-A4C1A2D22D7B}.Release|Any CPU.ActiveCfg = Release|Any CPU
		{496FAA3B-4A3D-445A-8C70-A4C1A2D22D7B}.Release|Any CPU.Build.0 = Release|Any CPU
		{771A2CE1-EF1D-423A-A9E8-CCD120AEC655}.Debug|Any CPU.ActiveCfg = Debug|Any CPU
		{771A2CE1-EF1D-423A-A9E8-CCD120AEC655}.Debug|Any CPU.Build.0 = Debug|Any CPU
		{771A2CE1-EF1D-423A-A9E8-CCD120AEC655}.Release|Any CPU.ActiveCfg = Release|Any CPU
		{771A2CE1-EF1D-423A-A9E8-CCD120AEC655}.Release|Any CPU.Build.0 = Release|Any CPU
	EndGlobalSection
	GlobalSection(SolutionProperties) = preSolution
		HideSolutionNode = FALSE
	EndGlobalSection
	GlobalSection(ExtensibilityGlobals) = postSolution
		SolutionGuid = {2F7D16FD-16EA-4B65-8E7A-416CB62FB9AE}
	EndGlobalSection
EndGlobal
